// !$*UTF8*$!
{
	archiveVersion = 1;
	classes = {
	};
	objectVersion = 56;
	objects = {

/* Begin PBXBuildFile section */
		05DB48D92AD9D10A00B5C445 /* WeightConverterViewController.swift in Sources */ = {isa = PBXBuildFile; fileRef = 05DB48D82AD9D10A00B5C445 /* WeightConverterViewController.swift */; };
		2641A4AD2AD48EBD004A47E0 /* PatternChecker.swift in Sources */ = {isa = PBXBuildFile; fileRef = 2641A4AC2AD48EBD004A47E0 /* PatternChecker.swift */; };
		26D7E7E22ACA003400078BD7 /* AppDelegate.swift in Sources */ = {isa = PBXBuildFile; fileRef = 26D7E7E12ACA003400078BD7 /* AppDelegate.swift */; };
		26D7E7E42ACA003400078BD7 /* SceneDelegate.swift in Sources */ = {isa = PBXBuildFile; fileRef = 26D7E7E32ACA003400078BD7 /* SceneDelegate.swift */; };
		26D7E7E62ACA003400078BD7 /* LoginViewController.swift in Sources */ = {isa = PBXBuildFile; fileRef = 26D7E7E52ACA003400078BD7 /* LoginViewController.swift */; };
		26D7E7E92ACA003400078BD7 /* Main.storyboard in Resources */ = {isa = PBXBuildFile; fileRef = 26D7E7E72ACA003400078BD7 /* Main.storyboard */; };
		26D7E7EB2ACA003500078BD7 /* Assets.xcassets in Resources */ = {isa = PBXBuildFile; fileRef = 26D7E7EA2ACA003500078BD7 /* Assets.xcassets */; };
		26D7E7EE2ACA003500078BD7 /* LaunchScreen.storyboard in Resources */ = {isa = PBXBuildFile; fileRef = 26D7E7EC2ACA003500078BD7 /* LaunchScreen.storyboard */; };
		26D7E7F92ACA003500078BD7 /* HealthAppTests.swift in Sources */ = {isa = PBXBuildFile; fileRef = 26D7E7F82ACA003500078BD7 /* HealthAppTests.swift */; };
		26D7E8032ACA003500078BD7 /* HealthAppUITests.swift in Sources */ = {isa = PBXBuildFile; fileRef = 26D7E8022ACA003500078BD7 /* HealthAppUITests.swift */; };
		26D7E8052ACA003500078BD7 /* HealthAppUITestsLaunchTests.swift in Sources */ = {isa = PBXBuildFile; fileRef = 26D7E8042ACA003500078BD7 /* HealthAppUITestsLaunchTests.swift */; };
		2906623A2AD6144F00807520 /* ViewControllerTips.swift in Sources */ = {isa = PBXBuildFile; fileRef = 290662392AD6144F00807520 /* ViewControllerTips.swift */; };
		7A44418B2AE5AA9900610B5D /* Localizable.strings in Resources */ = {isa = PBXBuildFile; fileRef = 7A44418D2AE5AA9900610B5D /* Localizable.strings */; };
		7A6DCFE32ADB5B18007A78AA /* MapViewController.swift in Sources */ = {isa = PBXBuildFile; fileRef = 7A6DCFE22ADB5B18007A78AA /* MapViewController.swift */; };
/* End PBXBuildFile section */

/* Begin PBXContainerItemProxy section */
		26D7E7F52ACA003500078BD7 /* PBXContainerItemProxy */ = {
			isa = PBXContainerItemProxy;
			containerPortal = 26D7E7D62ACA003400078BD7 /* Project object */;
			proxyType = 1;
			remoteGlobalIDString = 26D7E7DD2ACA003400078BD7;
			remoteInfo = HealthApp;
		};
		26D7E7FF2ACA003500078BD7 /* PBXContainerItemProxy */ = {
			isa = PBXContainerItemProxy;
			containerPortal = 26D7E7D62ACA003400078BD7 /* Project object */;
			proxyType = 1;
			remoteGlobalIDString = 26D7E7DD2ACA003400078BD7;
			remoteInfo = HealthApp;
		};
/* End PBXContainerItemProxy section */

/* Begin PBXFileReference section */
		05DB48D82AD9D10A00B5C445 /* WeightConverterViewController.swift */ = {isa = PBXFileReference; lastKnownFileType = sourcecode.swift; path = WeightConverterViewController.swift; sourceTree = "<group>"; };
		2641A4AC2AD48EBD004A47E0 /* PatternChecker.swift */ = {isa = PBXFileReference; lastKnownFileType = sourcecode.swift; path = PatternChecker.swift; sourceTree = "<group>"; };
		26D7E7DE2ACA003400078BD7 /* HealthApp.app */ = {isa = PBXFileReference; explicitFileType = wrapper.application; includeInIndex = 0; path = HealthApp.app; sourceTree = BUILT_PRODUCTS_DIR; };
		26D7E7E12ACA003400078BD7 /* AppDelegate.swift */ = {isa = PBXFileReference; lastKnownFileType = sourcecode.swift; path = AppDelegate.swift; sourceTree = "<group>"; };
		26D7E7E32ACA003400078BD7 /* SceneDelegate.swift */ = {isa = PBXFileReference; lastKnownFileType = sourcecode.swift; path = SceneDelegate.swift; sourceTree = "<group>"; };
		26D7E7E52ACA003400078BD7 /* LoginViewController.swift */ = {isa = PBXFileReference; lastKnownFileType = sourcecode.swift; path = LoginViewController.swift; sourceTree = "<group>"; };
		26D7E7E82ACA003400078BD7 /* Base */ = {isa = PBXFileReference; lastKnownFileType = file.storyboard; name = Base; path = Base.lproj/Main.storyboard; sourceTree = "<group>"; };
		26D7E7EA2ACA003500078BD7 /* Assets.xcassets */ = {isa = PBXFileReference; lastKnownFileType = folder.assetcatalog; path = Assets.xcassets; sourceTree = "<group>"; };
		26D7E7ED2ACA003500078BD7 /* Base */ = {isa = PBXFileReference; lastKnownFileType = file.storyboard; name = Base; path = Base.lproj/LaunchScreen.storyboard; sourceTree = "<group>"; };
		26D7E7EF2ACA003500078BD7 /* Info.plist */ = {isa = PBXFileReference; lastKnownFileType = text.plist.xml; path = Info.plist; sourceTree = "<group>"; };
		26D7E7F42ACA003500078BD7 /* HealthAppTests.xctest */ = {isa = PBXFileReference; explicitFileType = wrapper.cfbundle; includeInIndex = 0; path = HealthAppTests.xctest; sourceTree = BUILT_PRODUCTS_DIR; };
		26D7E7F82ACA003500078BD7 /* HealthAppTests.swift */ = {isa = PBXFileReference; lastKnownFileType = sourcecode.swift; path = HealthAppTests.swift; sourceTree = "<group>"; };
		26D7E7FE2ACA003500078BD7 /* HealthAppUITests.xctest */ = {isa = PBXFileReference; explicitFileType = wrapper.cfbundle; includeInIndex = 0; path = HealthAppUITests.xctest; sourceTree = BUILT_PRODUCTS_DIR; };
		26D7E8022ACA003500078BD7 /* HealthAppUITests.swift */ = {isa = PBXFileReference; lastKnownFileType = sourcecode.swift; path = HealthAppUITests.swift; sourceTree = "<group>"; };
		26D7E8042ACA003500078BD7 /* HealthAppUITestsLaunchTests.swift */ = {isa = PBXFileReference; lastKnownFileType = sourcecode.swift; path = HealthAppUITestsLaunchTests.swift; sourceTree = "<group>"; };
		290662392AD6144F00807520 /* ViewControllerTips.swift */ = {isa = PBXFileReference; lastKnownFileType = sourcecode.swift; path = ViewControllerTips.swift; sourceTree = "<group>"; };
		2906623B2AE584D800807520 /* es */ = {isa = PBXFileReference; lastKnownFileType = text.plist.strings; name = es; path = es.lproj/Main.strings; sourceTree = "<group>"; };
		2906623D2AE585E200807520 /* en */ = {isa = PBXFileReference; lastKnownFileType = text.plist.strings; name = en; path = en.lproj/Main.strings; sourceTree = "<group>"; };
		7A44418C2AE5AA9900610B5D /* es */ = {isa = PBXFileReference; lastKnownFileType = text.plist.strings; name = es; path = es.lproj/Localizable.strings; sourceTree = "<group>"; };
		7A44418E2AE5AA9E00610B5D /* en */ = {isa = PBXFileReference; lastKnownFileType = text.plist.strings; name = en; path = en.lproj/Localizable.strings; sourceTree = "<group>"; };
		7A6DCFE22ADB5B18007A78AA /* MapViewController.swift */ = {isa = PBXFileReference; lastKnownFileType = sourcecode.swift; path = MapViewController.swift; sourceTree = "<group>"; };
/* End PBXFileReference section */

/* Begin PBXFrameworksBuildPhase section */
		26D7E7DB2ACA003400078BD7 /* Frameworks */ = {
			isa = PBXFrameworksBuildPhase;
			buildActionMask = 2147483647;
			files = (
			);
			runOnlyForDeploymentPostprocessing = 0;
		};
		26D7E7F12ACA003500078BD7 /* Frameworks */ = {
			isa = PBXFrameworksBuildPhase;
			buildActionMask = 2147483647;
			files = (
			);
			runOnlyForDeploymentPostprocessing = 0;
		};
		26D7E7FB2ACA003500078BD7 /* Frameworks */ = {
			isa = PBXFrameworksBuildPhase;
			buildActionMask = 2147483647;
			files = (
			);
			runOnlyForDeploymentPostprocessing = 0;
		};
/* End PBXFrameworksBuildPhase section */

/* Begin PBXGroup section */
		2641A4AB2AD48E76004A47E0 /* Models */ = {
			isa = PBXGroup;
			children = (
				2641A4AC2AD48EBD004A47E0 /* PatternChecker.swift */,
			);
			path = Models;
			sourceTree = "<group>";
		};
		26D7E7D52ACA003400078BD7 = {
			isa = PBXGroup;
			children = (
				26D7E7E02ACA003400078BD7 /* HealthApp */,
				26D7E7F72ACA003500078BD7 /* HealthAppTests */,
				26D7E8012ACA003500078BD7 /* HealthAppUITests */,
				26D7E7DF2ACA003400078BD7 /* Products */,
			);
			sourceTree = "<group>";
		};
		26D7E7DF2ACA003400078BD7 /* Products */ = {
			isa = PBXGroup;
			children = (
				26D7E7DE2ACA003400078BD7 /* HealthApp.app */,
				26D7E7F42ACA003500078BD7 /* HealthAppTests.xctest */,
				26D7E7FE2ACA003500078BD7 /* HealthAppUITests.xctest */,
			);
			name = Products;
			sourceTree = "<group>";
		};
		26D7E7E02ACA003400078BD7 /* HealthApp */ = {
			isa = PBXGroup;
			children = (
				2641A4AB2AD48E76004A47E0 /* Models */,
				26D7E7E12ACA003400078BD7 /* AppDelegate.swift */,
				7A44418D2AE5AA9900610B5D /* Localizable.strings */,
				7A6DCFE22ADB5B18007A78AA /* MapViewController.swift */,
				26D7E7E32ACA003400078BD7 /* SceneDelegate.swift */,
				26D7E7E52ACA003400078BD7 /* LoginViewController.swift */,
				26D7E7E72ACA003400078BD7 /* Main.storyboard */,
				290662392AD6144F00807520 /* ViewControllerTips.swift */,
				05DB48D82AD9D10A00B5C445 /* WeightConverterViewController.swift */,
				26D7E7EA2ACA003500078BD7 /* Assets.xcassets */,
				26D7E7EC2ACA003500078BD7 /* LaunchScreen.storyboard */,
				26D7E7EF2ACA003500078BD7 /* Info.plist */,
			);
			path = HealthApp;
			sourceTree = "<group>";
		};
		26D7E7F72ACA003500078BD7 /* HealthAppTests */ = {
			isa = PBXGroup;
			children = (
				26D7E7F82ACA003500078BD7 /* HealthAppTests.swift */,
			);
			path = HealthAppTests;
			sourceTree = "<group>";
		};
		26D7E8012ACA003500078BD7 /* HealthAppUITests */ = {
			isa = PBXGroup;
			children = (
				26D7E8022ACA003500078BD7 /* HealthAppUITests.swift */,
				26D7E8042ACA003500078BD7 /* HealthAppUITestsLaunchTests.swift */,
			);
			path = HealthAppUITests;
			sourceTree = "<group>";
		};
/* End PBXGroup section */

/* Begin PBXNativeTarget section */
		26D7E7DD2ACA003400078BD7 /* HealthApp */ = {
			isa = PBXNativeTarget;
			buildConfigurationList = 26D7E8082ACA003500078BD7 /* Build configuration list for PBXNativeTarget "HealthApp" */;
			buildPhases = (
				26D7E7DA2ACA003400078BD7 /* Sources */,
				26D7E7DB2ACA003400078BD7 /* Frameworks */,
				26D7E7DC2ACA003400078BD7 /* Resources */,
			);
			buildRules = (
			);
			dependencies = (
			);
			name = HealthApp;
			productName = HealthApp;
			productReference = 26D7E7DE2ACA003400078BD7 /* HealthApp.app */;
			productType = "com.apple.product-type.application";
		};
		26D7E7F32ACA003500078BD7 /* HealthAppTests */ = {
			isa = PBXNativeTarget;
			buildConfigurationList = 26D7E80B2ACA003500078BD7 /* Build configuration list for PBXNativeTarget "HealthAppTests" */;
			buildPhases = (
				26D7E7F02ACA003500078BD7 /* Sources */,
				26D7E7F12ACA003500078BD7 /* Frameworks */,
				26D7E7F22ACA003500078BD7 /* Resources */,
			);
			buildRules = (
			);
			dependencies = (
				26D7E7F62ACA003500078BD7 /* PBXTargetDependency */,
			);
			name = HealthAppTests;
			productName = HealthAppTests;
			productReference = 26D7E7F42ACA003500078BD7 /* HealthAppTests.xctest */;
			productType = "com.apple.product-type.bundle.unit-test";
		};
		26D7E7FD2ACA003500078BD7 /* HealthAppUITests */ = {
			isa = PBXNativeTarget;
			buildConfigurationList = 26D7E80E2ACA003500078BD7 /* Build configuration list for PBXNativeTarget "HealthAppUITests" */;
			buildPhases = (
				26D7E7FA2ACA003500078BD7 /* Sources */,
				26D7E7FB2ACA003500078BD7 /* Frameworks */,
				26D7E7FC2ACA003500078BD7 /* Resources */,
			);
			buildRules = (
			);
			dependencies = (
				26D7E8002ACA003500078BD7 /* PBXTargetDependency */,
			);
			name = HealthAppUITests;
			productName = HealthAppUITests;
			productReference = 26D7E7FE2ACA003500078BD7 /* HealthAppUITests.xctest */;
			productType = "com.apple.product-type.bundle.ui-testing";
		};
/* End PBXNativeTarget section */

/* Begin PBXProject section */
		26D7E7D62ACA003400078BD7 /* Project object */ = {
			isa = PBXProject;
			attributes = {
				BuildIndependentTargetsInParallel = 1;
				LastSwiftUpdateCheck = 1500;
				LastUpgradeCheck = 1500;
				TargetAttributes = {
					26D7E7DD2ACA003400078BD7 = {
						CreatedOnToolsVersion = 15.0;
					};
					26D7E7F32ACA003500078BD7 = {
						CreatedOnToolsVersion = 15.0;
						TestTargetID = 26D7E7DD2ACA003400078BD7;
					};
					26D7E7FD2ACA003500078BD7 = {
						CreatedOnToolsVersion = 15.0;
						TestTargetID = 26D7E7DD2ACA003400078BD7;
					};
				};
			};
			buildConfigurationList = 26D7E7D92ACA003400078BD7 /* Build configuration list for PBXProject "HealthApp" */;
			compatibilityVersion = "Xcode 14.0";
			developmentRegion = en;
			hasScannedForEncodings = 0;
			knownRegions = (
				en,
				Base,
				es,
			);
			mainGroup = 26D7E7D52ACA003400078BD7;
			productRefGroup = 26D7E7DF2ACA003400078BD7 /* Products */;
			projectDirPath = "";
			projectRoot = "";
			targets = (
				26D7E7DD2ACA003400078BD7 /* HealthApp */,
				26D7E7F32ACA003500078BD7 /* HealthAppTests */,
				26D7E7FD2ACA003500078BD7 /* HealthAppUITests */,
			);
		};
/* End PBXProject section */

/* Begin PBXResourcesBuildPhase section */
		26D7E7DC2ACA003400078BD7 /* Resources */ = {
			isa = PBXResourcesBuildPhase;
			buildActionMask = 2147483647;
			files = (
				26D7E7EE2ACA003500078BD7 /* LaunchScreen.storyboard in Resources */,
				7A44418B2AE5AA9900610B5D /* Localizable.strings in Resources */,
				26D7E7EB2ACA003500078BD7 /* Assets.xcassets in Resources */,
				26D7E7E92ACA003400078BD7 /* Main.storyboard in Resources */,
			);
			runOnlyForDeploymentPostprocessing = 0;
		};
		26D7E7F22ACA003500078BD7 /* Resources */ = {
			isa = PBXResourcesBuildPhase;
			buildActionMask = 2147483647;
			files = (
			);
			runOnlyForDeploymentPostprocessing = 0;
		};
		26D7E7FC2ACA003500078BD7 /* Resources */ = {
			isa = PBXResourcesBuildPhase;
			buildActionMask = 2147483647;
			files = (
			);
			runOnlyForDeploymentPostprocessing = 0;
		};
/* End PBXResourcesBuildPhase section */

/* Begin PBXSourcesBuildPhase section */
		26D7E7DA2ACA003400078BD7 /* Sources */ = {
			isa = PBXSourcesBuildPhase;
			buildActionMask = 2147483647;
			files = (
				26D7E7E62ACA003400078BD7 /* LoginViewController.swift in Sources */,
				05DB48D92AD9D10A00B5C445 /* WeightConverterViewController.swift in Sources */,
				26D7E7E22ACA003400078BD7 /* AppDelegate.swift in Sources */,
				2641A4AD2AD48EBD004A47E0 /* PatternChecker.swift in Sources */,
				2906623A2AD6144F00807520 /* ViewControllerTips.swift in Sources */,
				26D7E7E42ACA003400078BD7 /* SceneDelegate.swift in Sources */,
				7A6DCFE32ADB5B18007A78AA /* MapViewController.swift in Sources */,
			);
			runOnlyForDeploymentPostprocessing = 0;
		};
		26D7E7F02ACA003500078BD7 /* Sources */ = {
			isa = PBXSourcesBuildPhase;
			buildActionMask = 2147483647;
			files = (
				26D7E7F92ACA003500078BD7 /* HealthAppTests.swift in Sources */,
			);
			runOnlyForDeploymentPostprocessing = 0;
		};
		26D7E7FA2ACA003500078BD7 /* Sources */ = {
			isa = PBXSourcesBuildPhase;
			buildActionMask = 2147483647;
			files = (
				26D7E8052ACA003500078BD7 /* HealthAppUITestsLaunchTests.swift in Sources */,
				26D7E8032ACA003500078BD7 /* HealthAppUITests.swift in Sources */,
			);
			runOnlyForDeploymentPostprocessing = 0;
		};
/* End PBXSourcesBuildPhase section */

/* Begin PBXTargetDependency section */
		26D7E7F62ACA003500078BD7 /* PBXTargetDependency */ = {
			isa = PBXTargetDependency;
			target = 26D7E7DD2ACA003400078BD7 /* HealthApp */;
			targetProxy = 26D7E7F52ACA003500078BD7 /* PBXContainerItemProxy */;
		};
		26D7E8002ACA003500078BD7 /* PBXTargetDependency */ = {
			isa = PBXTargetDependency;
			target = 26D7E7DD2ACA003400078BD7 /* HealthApp */;
			targetProxy = 26D7E7FF2ACA003500078BD7 /* PBXContainerItemProxy */;
		};
/* End PBXTargetDependency section */

/* Begin PBXVariantGroup section */
		26D7E7E72ACA003400078BD7 /* Main.storyboard */ = {
			isa = PBXVariantGroup;
			children = (
				26D7E7E82ACA003400078BD7 /* Base */,
				2906623B2AE584D800807520 /* es */,
				2906623D2AE585E200807520 /* en */,
			);
			name = Main.storyboard;
			sourceTree = "<group>";
		};
		26D7E7EC2ACA003500078BD7 /* LaunchScreen.storyboard */ = {
			isa = PBXVariantGroup;
			children = (
				26D7E7ED2ACA003500078BD7 /* Base */,
			);
			name = LaunchScreen.storyboard;
			sourceTree = "<group>";
		};
		7A44418D2AE5AA9900610B5D /* Localizable.strings */ = {
			isa = PBXVariantGroup;
			children = (
				7A44418C2AE5AA9900610B5D /* es */,
				7A44418E2AE5AA9E00610B5D /* en */,
			);
			name = Localizable.strings;
			sourceTree = "<group>";
		};
/* End PBXVariantGroup section */

/* Begin XCBuildConfiguration section */
		26D7E8062ACA003500078BD7 /* Debug */ = {
			isa = XCBuildConfiguration;
			buildSettings = {
				ALWAYS_SEARCH_USER_PATHS = NO;
				ASSETCATALOG_COMPILER_GENERATE_SWIFT_ASSET_SYMBOL_EXTENSIONS = YES;
				CLANG_ANALYZER_LOCALIZABILITY_NONLOCALIZED = YES;
				CLANG_ANALYZER_NONNULL = YES;
				CLANG_ANALYZER_NUMBER_OBJECT_CONVERSION = YES_AGGRESSIVE;
				CLANG_CXX_LANGUAGE_STANDARD = "gnu++20";
				CLANG_ENABLE_MODULES = YES;
				CLANG_ENABLE_OBJC_ARC = YES;
				CLANG_ENABLE_OBJC_WEAK = YES;
				CLANG_WARN_BLOCK_CAPTURE_AUTORELEASING = YES;
				CLANG_WARN_BOOL_CONVERSION = YES;
				CLANG_WARN_COMMA = YES;
				CLANG_WARN_CONSTANT_CONVERSION = YES;
				CLANG_WARN_DEPRECATED_OBJC_IMPLEMENTATIONS = YES;
				CLANG_WARN_DIRECT_OBJC_ISA_USAGE = YES_ERROR;
				CLANG_WARN_DOCUMENTATION_COMMENTS = YES;
				CLANG_WARN_EMPTY_BODY = YES;
				CLANG_WARN_ENUM_CONVERSION = YES;
				CLANG_WARN_INFINITE_RECURSION = YES;
				CLANG_WARN_INT_CONVERSION = YES;
				CLANG_WARN_NON_LITERAL_NULL_CONVERSION = YES;
				CLANG_WARN_OBJC_IMPLICIT_RETAIN_SELF = YES;
				CLANG_WARN_OBJC_LITERAL_CONVERSION = YES;
				CLANG_WARN_OBJC_ROOT_CLASS = YES_ERROR;
				CLANG_WARN_QUOTED_INCLUDE_IN_FRAMEWORK_HEADER = YES;
				CLANG_WARN_RANGE_LOOP_ANALYSIS = YES;
				CLANG_WARN_STRICT_PROTOTYPES = YES;
				CLANG_WARN_SUSPICIOUS_MOVE = YES;
				CLANG_WARN_UNGUARDED_AVAILABILITY = YES_AGGRESSIVE;
				CLANG_WARN_UNREACHABLE_CODE = YES;
				CLANG_WARN__DUPLICATE_METHOD_MATCH = YES;
				COPY_PHASE_STRIP = NO;
				DEBUG_INFORMATION_FORMAT = dwarf;
				ENABLE_STRICT_OBJC_MSGSEND = YES;
				ENABLE_TESTABILITY = YES;
				ENABLE_USER_SCRIPT_SANDBOXING = YES;
				GCC_C_LANGUAGE_STANDARD = gnu17;
				GCC_DYNAMIC_NO_PIC = NO;
				GCC_NO_COMMON_BLOCKS = YES;
				GCC_OPTIMIZATION_LEVEL = 0;
				GCC_PREPROCESSOR_DEFINITIONS = (
					"DEBUG=1",
					"$(inherited)",
				);
				GCC_WARN_64_TO_32_BIT_CONVERSION = YES;
				GCC_WARN_ABOUT_RETURN_TYPE = YES_ERROR;
				GCC_WARN_UNDECLARED_SELECTOR = YES;
				GCC_WARN_UNINITIALIZED_AUTOS = YES_AGGRESSIVE;
				GCC_WARN_UNUSED_FUNCTION = YES;
				GCC_WARN_UNUSED_VARIABLE = YES;
				IPHONEOS_DEPLOYMENT_TARGET = 16.4;
				LOCALIZATION_PREFERS_STRING_CATALOGS = YES;
				MTL_ENABLE_DEBUG_INFO = INCLUDE_SOURCE;
				MTL_FAST_MATH = YES;
				ONLY_ACTIVE_ARCH = YES;
				SDKROOT = iphoneos;
				SWIFT_ACTIVE_COMPILATION_CONDITIONS = "DEBUG $(inherited)";
				SWIFT_OPTIMIZATION_LEVEL = "-Onone";
			};
			name = Debug;
		};
		26D7E8072ACA003500078BD7 /* Release */ = {
			isa = XCBuildConfiguration;
			buildSettings = {
				ALWAYS_SEARCH_USER_PATHS = NO;
				ASSETCATALOG_COMPILER_GENERATE_SWIFT_ASSET_SYMBOL_EXTENSIONS = YES;
				CLANG_ANALYZER_LOCALIZABILITY_NONLOCALIZED = YES;
				CLANG_ANALYZER_NONNULL = YES;
				CLANG_ANALYZER_NUMBER_OBJECT_CONVERSION = YES_AGGRESSIVE;
				CLANG_CXX_LANGUAGE_STANDARD = "gnu++20";
				CLANG_ENABLE_MODULES = YES;
				CLANG_ENABLE_OBJC_ARC = YES;
				CLANG_ENABLE_OBJC_WEAK = YES;
				CLANG_WARN_BLOCK_CAPTURE_AUTORELEASING = YES;
				CLANG_WARN_BOOL_CONVERSION = YES;
				CLANG_WARN_COMMA = YES;
				CLANG_WARN_CONSTANT_CONVERSION = YES;
				CLANG_WARN_DEPRECATED_OBJC_IMPLEMENTATIONS = YES;
				CLANG_WARN_DIRECT_OBJC_ISA_USAGE = YES_ERROR;
				CLANG_WARN_DOCUMENTATION_COMMENTS = YES;
				CLANG_WARN_EMPTY_BODY = YES;
				CLANG_WARN_ENUM_CONVERSION = YES;
				CLANG_WARN_INFINITE_RECURSION = YES;
				CLANG_WARN_INT_CONVERSION = YES;
				CLANG_WARN_NON_LITERAL_NULL_CONVERSION = YES;
				CLANG_WARN_OBJC_IMPLICIT_RETAIN_SELF = YES;
				CLANG_WARN_OBJC_LITERAL_CONVERSION = YES;
				CLANG_WARN_OBJC_ROOT_CLASS = YES_ERROR;
				CLANG_WARN_QUOTED_INCLUDE_IN_FRAMEWORK_HEADER = YES;
				CLANG_WARN_RANGE_LOOP_ANALYSIS = YES;
				CLANG_WARN_STRICT_PROTOTYPES = YES;
				CLANG_WARN_SUSPICIOUS_MOVE = YES;
				CLANG_WARN_UNGUARDED_AVAILABILITY = YES_AGGRESSIVE;
				CLANG_WARN_UNREACHABLE_CODE = YES;
				CLANG_WARN__DUPLICATE_METHOD_MATCH = YES;
				COPY_PHASE_STRIP = NO;
				DEBUG_INFORMATION_FORMAT = "dwarf-with-dsym";
				ENABLE_NS_ASSERTIONS = NO;
				ENABLE_STRICT_OBJC_MSGSEND = YES;
				ENABLE_USER_SCRIPT_SANDBOXING = YES;
				GCC_C_LANGUAGE_STANDARD = gnu17;
				GCC_NO_COMMON_BLOCKS = YES;
				GCC_WARN_64_TO_32_BIT_CONVERSION = YES;
				GCC_WARN_ABOUT_RETURN_TYPE = YES_ERROR;
				GCC_WARN_UNDECLARED_SELECTOR = YES;
				GCC_WARN_UNINITIALIZED_AUTOS = YES_AGGRESSIVE;
				GCC_WARN_UNUSED_FUNCTION = YES;
				GCC_WARN_UNUSED_VARIABLE = YES;
				IPHONEOS_DEPLOYMENT_TARGET = 16.4;
				LOCALIZATION_PREFERS_STRING_CATALOGS = YES;
				MTL_ENABLE_DEBUG_INFO = NO;
				MTL_FAST_MATH = YES;
				SDKROOT = iphoneos;
				SWIFT_COMPILATION_MODE = wholemodule;
				VALIDATE_PRODUCT = YES;
			};
			name = Release;
		};
		26D7E8092ACA003500078BD7 /* Debug */ = {
			isa = XCBuildConfiguration;
			buildSettings = {
				ASSETCATALOG_COMPILER_APPICON_NAME = AppIcon;
				ASSETCATALOG_COMPILER_GLOBAL_ACCENT_COLOR_NAME = AccentColor;
				CODE_SIGN_STYLE = Automatic;
				CURRENT_PROJECT_VERSION = 1;
				GENERATE_INFOPLIST_FILE = YES;
				INFOPLIST_FILE = HealthApp/Info.plist;
				INFOPLIST_KEY_UIApplicationSupportsIndirectInputEvents = YES;
				INFOPLIST_KEY_UILaunchStoryboardName = Main.storyboard;
				INFOPLIST_KEY_UIMainStoryboardFile = Main;
				INFOPLIST_KEY_UISupportedInterfaceOrientations_iPad = "UIInterfaceOrientationPortrait UIInterfaceOrientationPortraitUpsideDown UIInterfaceOrientationLandscapeLeft UIInterfaceOrientationLandscapeRight";
				INFOPLIST_KEY_UISupportedInterfaceOrientations_iPhone = "UIInterfaceOrientationPortrait UIInterfaceOrientationLandscapeLeft UIInterfaceOrientationLandscapeRight";
				IPHONEOS_DEPLOYMENT_TARGET = 17.0;
				LD_RUNPATH_SEARCH_PATHS = (
					"$(inherited)",
					"@executable_path/Frameworks",
				);
				MARKETING_VERSION = 1.0;
				PRODUCT_BUNDLE_IDENTIFIER = com.tina.Midterm.HealthApp.HealthApp;
				PRODUCT_NAME = "$(TARGET_NAME)";
				SWIFT_EMIT_LOC_STRINGS = YES;
				SWIFT_VERSION = 5.0;
				TARGETED_DEVICE_FAMILY = "1,2";
			};
			name = Debug;
		};
		26D7E80A2ACA003500078BD7 /* Release */ = {
			isa = XCBuildConfiguration;
			buildSettings = {
				ASSETCATALOG_COMPILER_APPICON_NAME = AppIcon;
				ASSETCATALOG_COMPILER_GLOBAL_ACCENT_COLOR_NAME = AccentColor;
				CODE_SIGN_STYLE = Automatic;
				CURRENT_PROJECT_VERSION = 1;
				GENERATE_INFOPLIST_FILE = YES;
				INFOPLIST_FILE = HealthApp/Info.plist;
				INFOPLIST_KEY_UIApplicationSupportsIndirectInputEvents = YES;
				INFOPLIST_KEY_UILaunchStoryboardName = Main.storyboard;
				INFOPLIST_KEY_UIMainStoryboardFile = Main;
				INFOPLIST_KEY_UISupportedInterfaceOrientations_iPad = "UIInterfaceOrientationPortrait UIInterfaceOrientationPortraitUpsideDown UIInterfaceOrientationLandscapeLeft UIInterfaceOrientationLandscapeRight";
				INFOPLIST_KEY_UISupportedInterfaceOrientations_iPhone = "UIInterfaceOrientationPortrait UIInterfaceOrientationLandscapeLeft UIInterfaceOrientationLandscapeRight";
				IPHONEOS_DEPLOYMENT_TARGET = 17.0;
				LD_RUNPATH_SEARCH_PATHS = (
					"$(inherited)",
					"@executable_path/Frameworks",
				);
				MARKETING_VERSION = 1.0;
				PRODUCT_BUNDLE_IDENTIFIER = com.tina.Midterm.HealthApp.HealthApp;
				PRODUCT_NAME = "$(TARGET_NAME)";
				SWIFT_EMIT_LOC_STRINGS = YES;
				SWIFT_VERSION = 5.0;
				TARGETED_DEVICE_FAMILY = "1,2";
			};
			name = Release;
		};
		26D7E80C2ACA003500078BD7 /* Debug */ = {
			isa = XCBuildConfiguration;
			buildSettings = {
				ALWAYS_EMBED_SWIFT_STANDARD_LIBRARIES = YES;
				BUNDLE_LOADER = "$(TEST_HOST)";
				CODE_SIGN_STYLE = Automatic;
				CURRENT_PROJECT_VERSION = 1;
				GENERATE_INFOPLIST_FILE = YES;
				IPHONEOS_DEPLOYMENT_TARGET = 17.0;
				MARKETING_VERSION = 1.0;
				PRODUCT_BUNDLE_IDENTIFIER = com.tina.Midterm.HealthApp.HealthAppTests;
				PRODUCT_NAME = "$(TARGET_NAME)";
				SWIFT_EMIT_LOC_STRINGS = NO;
				SWIFT_VERSION = 5.0;
				TARGETED_DEVICE_FAMILY = "1,2";
				TEST_HOST = "$(BUILT_PRODUCTS_DIR)/HealthApp.app/$(BUNDLE_EXECUTABLE_FOLDER_PATH)/HealthApp";
			};
			name = Debug;
		};
		26D7E80D2ACA003500078BD7 /* Release */ = {
			isa = XCBuildConfiguration;
			buildSettings = {
				ALWAYS_EMBED_SWIFT_STANDARD_LIBRARIES = YES;
				BUNDLE_LOADER = "$(TEST_HOST)";
				CODE_SIGN_STYLE = Automatic;
				CURRENT_PROJECT_VERSION = 1;
				GENERATE_INFOPLIST_FILE = YES;
				IPHONEOS_DEPLOYMENT_TARGET = 17.0;
				MARKETING_VERSION = 1.0;
				PRODUCT_BUNDLE_IDENTIFIER = com.tina.Midterm.HealthApp.HealthAppTests;
				PRODUCT_NAME = "$(TARGET_NAME)";
				SWIFT_EMIT_LOC_STRINGS = NO;
				SWIFT_VERSION = 5.0;
				TARGETED_DEVICE_FAMILY = "1,2";
				TEST_HOST = "$(BUILT_PRODUCTS_DIR)/HealthApp.app/$(BUNDLE_EXECUTABLE_FOLDER_PATH)/HealthApp";
			};
			name = Release;
		};
		26D7E80F2ACA003500078BD7 /* Debug */ = {
			isa = XCBuildConfiguration;
			buildSettings = {
				ALWAYS_EMBED_SWIFT_STANDARD_LIBRARIES = YES;
				CODE_SIGN_STYLE = Automatic;
				CURRENT_PROJECT_VERSION = 1;
				GENERATE_INFOPLIST_FILE = YES;
				MARKETING_VERSION = 1.0;
				PRODUCT_BUNDLE_IDENTIFIER = com.tina.Midterm.HealthApp.HealthAppUITests;
				PRODUCT_NAME = "$(TARGET_NAME)";
				SWIFT_EMIT_LOC_STRINGS = NO;
				SWIFT_VERSION = 5.0;
				TARGETED_DEVICE_FAMILY = "1,2";
				TEST_TARGET_NAME = HealthApp;
			};
			name = Debug;
		};
		26D7E8102ACA003500078BD7 /* Release */ = {
			isa = XCBuildConfiguration;
			buildSettings = {
				ALWAYS_EMBED_SWIFT_STANDARD_LIBRARIES = YES;
				CODE_SIGN_STYLE = Automatic;
				CURRENT_PROJECT_VERSION = 1;
				GENERATE_INFOPLIST_FILE = YES;
				MARKETING_VERSION = 1.0;
				PRODUCT_BUNDLE_IDENTIFIER = com.tina.Midterm.HealthApp.HealthAppUITests;
				PRODUCT_NAME = "$(TARGET_NAME)";
				SWIFT_EMIT_LOC_STRINGS = NO;
				SWIFT_VERSION = 5.0;
				TARGETED_DEVICE_FAMILY = "1,2";
				TEST_TARGET_NAME = HealthApp;
			};
			name = Release;
		};
/* End XCBuildConfiguration section */

/* Begin XCConfigurationList section */
		26D7E7D92ACA003400078BD7 /* Build configuration list for PBXProject "HealthApp" */ = {
			isa = XCConfigurationList;
			buildConfigurations = (
				26D7E8062ACA003500078BD7 /* Debug */,
				26D7E8072ACA003500078BD7 /* Release */,
			);
			defaultConfigurationIsVisible = 0;
			defaultConfigurationName = Release;
		};
		26D7E8082ACA003500078BD7 /* Build configuration list for PBXNativeTarget "HealthApp" */ = {
			isa = XCConfigurationList;
			buildConfigurations = (
				26D7E8092ACA003500078BD7 /* Debug */,
				26D7E80A2ACA003500078BD7 /* Release */,
			);
			defaultConfigurationIsVisible = 0;
			defaultConfigurationName = Release;
		};
		26D7E80B2ACA003500078BD7 /* Build configuration list for PBXNativeTarget "HealthAppTests" */ = {
			isa = XCConfigurationList;
			buildConfigurations = (
				26D7E80C2ACA003500078BD7 /* Debug */,
				26D7E80D2ACA003500078BD7 /* Release */,
			);
			defaultConfigurationIsVisible = 0;
			defaultConfigurationName = Release;
		};
		26D7E80E2ACA003500078BD7 /* Build configuration list for PBXNativeTarget "HealthAppUITests" */ = {
			isa = XCConfigurationList;
			buildConfigurations = (
				26D7E80F2ACA003500078BD7 /* Debug */,
				26D7E8102ACA003500078BD7 /* Release */,
			);
			defaultConfigurationIsVisible = 0;
			defaultConfigurationName = Release;
		};
/* End XCConfigurationList section */
	};
	rootObject = 26D7E7D62ACA003400078BD7 /* Project object */;
}
